
Microsoft Visual Studio Solution File, Format Version 12.00
# Visual Studio Version 17
VisualStudioVersion = 17.8.34316.72
MinimumVisualStudioVersion = 10.0.40219.1
Project("{FAE04EC0-301F-11D3-BF4B-00C04F79EFBC}") = "BuberDinner.Api", "BuberDinner.Api\BuberDinner.Api.csproj", "{09AB63EB-CFF7-4977-9A2D-CAC56916A4BE}"
EndProject
Project("{FAE04EC0-301F-11D3-BF4B-00C04F79EFBC}") = "BuberDinner.Contracts", "BuberDinner.Contracts\BuberDinner.Contracts.csproj", "{9FFF1AD7-EA7B-4E18-A87B-B018313AC6A9}"
EndProject
Project("{FAE04EC0-301F-11D3-BF4B-00C04F79EFBC}") = "BuberDinner.Infrastructure", "BuberDinner.Infrastructure\BuberDinner.Infrastructure.csproj", "{1943B5F4-DD55-4F2D-9256-1EB9C1F85970}"
EndProject
Project("{FAE04EC0-301F-11D3-BF4B-00C04F79EFBC}") = "BuberDinner.Domain", "BuberDinner.Domain\BuberDinner.Domain.csproj", "{D321ECAA-52A1-4E30-93F4-4436B732F359}"
EndProject
Project("{FAE04EC0-301F-11D3-BF4B-00C04F79EFBC}") = "BuberDinner.Application", "BuberDinner.Application\BuberDinner.Application.csproj", "{816FAC96-4493-46CA-8598-7E5A52F756AB}"
EndProject
Project("{2150E333-8FDC-42A3-9474-1A3956D46DE8}") = "Requests", "Requests", "{D846530B-6F78-4ED7-899D-86D7E68D41E7}"
	ProjectSection(SolutionItems) = preProject
		GetForecasts.http = GetForecasts.http
	EndProjectSection
EndProject
Project("{2150E333-8FDC-42A3-9474-1A3956D46DE8}") = "Docs", "Docs", "{7FD61976-DF35-4538-A634-A032D5D5B4D9}"
	ProjectSection(SolutionItems) = preProject
		Api.md = Api.md
	EndProjectSection
EndProject
Project("{2150E333-8FDC-42A3-9474-1A3956D46DE8}") = "Authentication", "Authentication", "{90D97E3F-7119-4CDE-86EB-83888F9007E5}"
	ProjectSection(SolutionItems) = preProject
		Login.http = Login.http
		Register.http = Register.http
	EndProjectSection
EndProject
Global
	GlobalSection(SolutionConfigurationPlatforms) = preSolution
		Debug|Any CPU = Debug|Any CPU
		Release|Any CPU = Release|Any CPU
	EndGlobalSection
	GlobalSection(ProjectConfigurationPlatforms) = postSolution
		{09AB63EB-CFF7-4977-9A2D-CAC56916A4BE}.Debug|Any CPU.ActiveCfg = Debug|Any CPU
		{09AB63EB-CFF7-4977-9A2D-CAC56916A4BE}.Debug|Any CPU.Build.0 = Debug|Any CPU
		{09AB63EB-CFF7-4977-9A2D-CAC56916A4BE}.Release|Any CPU.ActiveCfg = Release|Any CPU
		{09AB63EB-CFF7-4977-9A2D-CAC56916A4BE}.Release|Any CPU.Build.0 = Release|Any CPU
		{9FFF1AD7-EA7B-4E18-A87B-B018313AC6A9}.Debug|Any CPU.ActiveCfg = Debug|Any CPU
		{9FFF1AD7-EA7B-4E18-A87B-B018313AC6A9}.Debug|Any CPU.Build.0 = Debug|Any CPU
		{9FFF1AD7-EA7B-4E18-A87B-B018313AC6A9}.Release|Any CPU.ActiveCfg = Release|Any CPU
		{9FFF1AD7-EA7B-4E18-A87B-B018313AC6A9}.Release|Any CPU.Build.0 = Release|Any CPU
		{1943B5F4-DD55-4F2D-9256-1EB9C1F85970}.Debug|Any CPU.ActiveCfg = Debug|Any CPU
		{1943B5F4-DD55-4F2D-9256-1EB9C1F85970}.Debug|Any CPU.Build.0 = Debug|Any CPU
		{1943B5F4-DD55-4F2D-9256-1EB9C1F85970}.Release|Any CPU.ActiveCfg = Release|Any CPU
		{1943B5F4-DD55-4F2D-9256-1EB9C1F85970}.Release|Any CPU.Build.0 = Release|Any CPU
		{D321ECAA-52A1-4E30-93F4-4436B732F359}.Debug|Any CPU.ActiveCfg = Debug|Any CPU
		{D321ECAA-52A1-4E30-93F4-4436B732F359}.Debug|Any CPU.Build.0 = Debug|Any CPU
		{D321ECAA-52A1-4E30-93F4-4436B732F359}.Release|Any CPU.ActiveCfg = Release|Any CPU
		{D321ECAA-52A1-4E30-93F4-4436B732F359}.Release|Any CPU.Build.0 = Release|Any CPU
		{816FAC96-4493-46CA-8598-7E5A52F756AB}.Debug|Any CPU.ActiveCfg = Debug|Any CPU
		{816FAC96-4493-46CA-8598-7E5A52F756AB}.Debug|Any CPU.Build.0 = Debug|Any CPU
		{816FAC96-4493-46CA-8598-7E5A52F756AB}.Release|Any CPU.ActiveCfg = Release|Any CPU
		{816FAC96-4493-46CA-8598-7E5A52F756AB}.Release|Any CPU.Build.0 = Release|Any CPU
	EndGlobalSection
	GlobalSection(SolutionProperties) = preSolution
		HideSolutionNode = FALSE
	EndGlobalSection
	GlobalSection(NestedProjects) = preSolution
		{90D97E3F-7119-4CDE-86EB-83888F9007E5} = {D846530B-6F78-4ED7-899D-86D7E68D41E7}
	EndGlobalSection
	GlobalSection(ExtensibilityGlobals) = postSolution
		SolutionGuid = {EDD258F3-7641-4627-A73C-45CFC03CF94C}
	EndGlobalSection
EndGlobal
